
Microsoft Visual Studio Solution File, Format Version 12.00
# Visual Studio Version 17
VisualStudioVersion = 17.4.33205.214
MinimumVisualStudioVersion = 10.0.40219.1
Project("{FAE04EC0-301F-11D3-BF4B-00C04F79EFBC}") = "Base", "Base.csproj", "{BC869020-5D62-4B2E-A3FB-26B020695971}"
EndProject
Global
	GlobalSection(SolutionConfigurationPlatforms) = preSolution
		Debug|Any CPU = Debug|Any CPU
		Release|Any CPU = Release|Any CPU
	EndGlobalSection
	GlobalSection(ProjectConfigurationPlatforms) = postSolution
		{BC869020-5D62-4B2E-A3FB-26B020695971}.Debug|Any CPU.ActiveCfg = Debug|Any CPU
		{BC869020-5D62-4B2E-A3FB-26B020695971}.Debug|Any CPU.Build.0 = Debug|Any CPU
		{BC869020-5D62-4B2E-A3FB-26B020695971}.Release|Any CPU.ActiveCfg = Release|Any CPU
		{BC869020-5D62-4B2E-A3FB-26B020695971}.Release|Any CPU.Build.0 = Release|Any CPU
	EndGlobalSection
	GlobalSection(SolutionProperties) = preSolution
		HideSolutionNode = FALSE
	EndGlobalSection
	GlobalSection(ExtensibilityGlobals) = postSolution
		SolutionGuid = {6F20CEBF-99BA-4A0B-9448-2E18F2D3CA27}
	EndGlobalSection
EndGlobal
